{
  "name": "58",
  "version": "1.0.0",
  "lockfileVersion": 2,
  "requires": true,
  "packages": {
    "": {
      "name": "58",
      "version": "1.0.0",
      "license": "ISC",
      "dependencies": {
        "my-p5-ex": "^1.0.11"
      }
    },
    "../../../../../p5ex": {
      "name": "my-p5-ex",
      "version": "1.0.11",
      "extraneous": true,
      "license": "ISC",
      "dependencies": {
        "p5": "^1.4.2"
      },
      "devDependencies": {
        "@types/p5": "^1.4.2",
        "copy-webpack-plugin": "^11.0.0",
        "html-webpack-plugin": "^5.5.0",
        "ts-loader": "^9.3.1",
        "typescript": "^4.7.4",
        "webpack": "^5.73.0",
        "webpack-cli": "^4.10.0",
        "webpack-dev-server": "^4.9.2"
      }
    },
    "node_modules/my-p5-ex": {
      "version": "1.0.11",
      "resolved": "https://registry.npmjs.org/my-p5-ex/-/my-p5-ex-1.0.11.tgz",
      "integrity": "sha512-KToxJ0iJ9Ey/0lNRMwCr1eZUxY6HrvyM77HBokKWelGM5zD9aJ0qA28ZDs2dWDRp3uCPP9TwATOlfjd/d+t1aQ==",
      "dependencies": {
        "p5": "^1.4.2"
      }
    },
    "node_modules/p5": {
      "version": "1.4.2",
      "resolved": "https://registry.npmjs.org/p5/-/p5-1.4.2.tgz",
      "integrity": "sha512-J5zqZ/l1NIbJSuNr/FH9nDYgBRg7/NubStNPnx1fQCMSAgxI6peKDHs9i5iaG9EuwbJzjuG6/5bX/D0lqqrP9A=="
    }
  },
  "dependencies": {
    "my-p5-ex": {
      "version": "1.0.11",
      "resolved": "https://registry.npmjs.org/my-p5-ex/-/my-p5-ex-1.0.11.tgz",
      "integrity": "sha512-KToxJ0iJ9Ey/0lNRMwCr1eZUxY6HrvyM77HBokKWelGM5zD9aJ0qA28ZDs2dWDRp3uCPP9TwATOlfjd/d+t1aQ==",
      "requires": {
        "p5": "^1.4.2"
      }
    },
    "p5": {
      "version": "1.4.2",
      "resolved": "https://registry.npmjs.org/p5/-/p5-1.4.2.tgz",
      "integrity": "sha512-J5zqZ/l1NIbJSuNr/FH9nDYgBRg7/NubStNPnx1fQCMSAgxI6peKDHs9i5iaG9EuwbJzjuG6/5bX/D0lqqrP9A=="
    }
  }
}
