{
  "name": "26",
  "version": "1.0.0",
  "lockfileVersion": 2,
  "requires": true,
  "packages": {
    "": {
      "name": "26",
      "version": "1.0.0",
      "license": "ISC",
      "dependencies": {
        "my-p5-ex": "^1.0.3"
      }
    },
    "node_modules/my-p5-ex": {
      "version": "1.0.3",
      "resolved": "https://registry.npmjs.org/my-p5-ex/-/my-p5-ex-1.0.3.tgz",
      "integrity": "sha512-GiJua467eaWMMoXxGNCOiR0PkuHy91kMG42gLGp402O2afe/C+LLVjLmB/UeZaqY5rKFxepmJZ+sNYX5gK/yfg=="
    }
  },
  "dependencies": {
    "my-p5-ex": {
      "version": "1.0.3",
      "resolved": "https://registry.npmjs.org/my-p5-ex/-/my-p5-ex-1.0.3.tgz",
      "integrity": "sha512-GiJua467eaWMMoXxGNCOiR0PkuHy91kMG42gLGp402O2afe/C+LLVjLmB/UeZaqY5rKFxepmJZ+sNYX5gK/yfg=="
    }
  }
}
