{
  "name": "39",
  "version": "1.0.0",
  "lockfileVersion": 2,
  "requires": true,
  "packages": {
    "": {
      "name": "39",
      "version": "1.0.0",
      "license": "ISC",
      "dependencies": {
        "my-p5-ex": "^1.0.7"
      }
    },
    "../../../../../p5ex": {
      "name": "my-p5-ex",
      "version": "1.0.7",
      "extraneous": true,
      "license": "ISC",
      "devDependencies": {
        "copy-webpack-plugin": "^11.0.0",
        "html-webpack-plugin": "^5.5.0",
        "webpack": "^5.73.0",
        "webpack-cli": "^4.10.0",
        "webpack-dev-server": "^4.9.2"
      }
    },
    "node_modules/my-p5-ex": {
      "version": "1.0.7",
      "resolved": "https://registry.npmjs.org/my-p5-ex/-/my-p5-ex-1.0.7.tgz",
      "integrity": "sha512-BdE4OHNeynsZ4enDE6QSSM+MFaxLwBtwAUl2gu6xiAY6FtzWPTd+AQlN1hspMWb671t1DkdqnbqyHIu9pWxSrQ=="
    }
  },
  "dependencies": {
    "my-p5-ex": {
      "version": "1.0.7",
      "resolved": "https://registry.npmjs.org/my-p5-ex/-/my-p5-ex-1.0.7.tgz",
      "integrity": "sha512-BdE4OHNeynsZ4enDE6QSSM+MFaxLwBtwAUl2gu6xiAY6FtzWPTd+AQlN1hspMWb671t1DkdqnbqyHIu9pWxSrQ=="
    }
  }
}
