{
  "name": "original-sketch",
  "version": "1.0.0",
  "lockfileVersion": 2,
  "requires": true,
  "packages": {
    "": {
      "name": "original-sketch",
      "version": "1.0.0",
      "license": "ISC",
      "dependencies": {
        "my-p5-ex": "^1.0.4"
      }
    },
    "node_modules/my-p5-ex": {
      "version": "1.0.4",
      "resolved": "https://registry.npmjs.org/my-p5-ex/-/my-p5-ex-1.0.4.tgz",
      "integrity": "sha512-DbZsNyzhoeY82JjC3SIu3pxlwHCaitB+iguq86gVq0jVoZwqBkITk+1oIOsx8W1eN8OMKG+SQOixD+Ol4DYC2Q=="
    }
  },
  "dependencies": {
    "my-p5-ex": {
      "version": "1.0.4",
      "resolved": "https://registry.npmjs.org/my-p5-ex/-/my-p5-ex-1.0.4.tgz",
      "integrity": "sha512-DbZsNyzhoeY82JjC3SIu3pxlwHCaitB+iguq86gVq0jVoZwqBkITk+1oIOsx8W1eN8OMKG+SQOixD+Ol4DYC2Q=="
    }
  }
}
